
Microsoft Visual Studio Solution File, Format Version 12.00
# Visual Studio Version 17
VisualStudioVersion = 17.6.33723.286
MinimumVisualStudioVersion = 10.0.40219.1
Project("{FAE04EC0-301F-11D3-BF4B-00C04F79EFBC}") = "ATM", "ATM\ATM.csproj", "{DEDBCA31-1F30-4D91-A51A-B889427DE84A}"
EndProject
Global
	GlobalSection(SolutionConfigurationPlatforms) = preSolution
		Debug|Any CPU = Debug|Any CPU
		Release|Any CPU = Release|Any CPU
	EndGlobalSection
	GlobalSection(ProjectConfigurationPlatforms) = postSolution
		{DEDBCA31-1F30-4D91-A51A-B889427DE84A}.Debug|Any CPU.ActiveCfg = Debug|Any CPU
		{DEDBCA31-1F30-4D91-A51A-B889427DE84A}.Debug|Any CPU.Build.0 = Debug|Any CPU
		{DEDBCA31-1F30-4D91-A51A-B889427DE84A}.Release|Any CPU.ActiveCfg = Release|Any CPU
		{DEDBCA31-1F30-4D91-A51A-B889427DE84A}.Release|Any CPU.Build.0 = Release|Any CPU
	EndGlobalSection
	GlobalSection(SolutionProperties) = preSolution
		HideSolutionNode = FALSE
	EndGlobalSection
	GlobalSection(ExtensibilityGlobals) = postSolution
		SolutionGuid = {8D1BB221-28C0-4166-8F65-3FFCF1162FCF}
	EndGlobalSection
EndGlobal
